# This file is automatically @generated by Cargo.
# It is not intended for manual editing.
version = 4

[[package]]
name = "signalbox-application"
version = "0.0.0"
dependencies = [
 "signalbox-domain",
]

[[package]]
name = "signalbox-domain"
version = "0.0.0"
dependencies = [
 "uuid",
]

[[package]]
name = "signalbox-hubd"
version = "0.0.0"
dependencies = [
 "signalbox-application",
]

[[package]]
name = "uuid"
version = "1.24.0"
source = "registry+https://github.com/rust-lang/crates.io-index"
checksum = "bf3923a6f5c4c6382e0b653c4117f48d631ea17f38ed86e2a828e6f7412f5239"
