# This file is automatically @generated by Cargo.
# It is not intended for manual editing.
version = 4

[[package]]
name = "signalbox-application"
version = "0.0.0"
dependencies = [
 "signalbox-domain",
]

[[package]]
name = "signalbox-domain"
version = "0.0.0"

[[package]]
name = "signalbox-hubd"
version = "0.0.0"
dependencies = [
 "signalbox-application",
]
