# Keeps devenv.lock current. devenv.yaml pins nixpkgs to
# `github:cachix/devenv-nixpkgs/rolling` — a branch, not a version — so the
# development toolchain drifts continuously and would otherwise be re-locked
# only when someone happened to run `devenv update` by hand. This workflow runs
# that command on a schedule and proposes the result as a pull request.
#
# Why this is not Renovate. Renovate's nix manager matches `flake.nix` and
# maintains the `flake.lock` beside it; this repository has neither file, so
# the manager never sees devenv.yaml or devenv.lock. Closing that gap with a
# regex custom manager would be worse than leaving it open: every locked node
# in devenv.lock carries a `narHash` beside its `rev`, Renovate cannot compute
# a narHash, and a bumped rev paired with the previous hash is a lock Nix
# rejects — a broken environment on every update pull request, arriving under a
# description that says it worked. `devenv update` re-resolves the inputs and
# computes the hashes itself, which is why the mechanism is a command rather
# than a pattern. renovate.json5 records the same reasoning where someone would
# go looking to "fix" the gap.
#
# Cadence. Weekly, not daily. A rolling branch moves most days, so a daily job
# would open a pull request most days and each one would be reviewed the same
# way — read the revisions, confirm the environment still builds, merge. That is
# noise for a development environment, which no deployed artifact depends on.
# Weekly, early in the week, so a proposal is reviewed during the week rather
# than sitting over a weekend. The schedule is offset from the Monday
# supply-chain sweep in deny.yml so the two do not land together.
#
# Not a gate. This workflow is not a required check, nothing depends on it, and
# it changes nothing on main. It opens a pull request; a human reviews and
# merges it. A run that leaves devenv.lock byte-identical opens nothing.
#
# What actually validates the lock. No other workflow in this repository enters
# the devenv environment — rust.yml and swift.yml install their own toolchains,
# and devenv.nix says so in as many words — so a pull request's ordinary checks
# say nothing about whether the updated lock still evaluates. This workflow
# therefore builds the environment itself, after updating and before proposing,
# and states the outcome in the pull request body. The check is deliberately
# non-blocking: a lock that fails to build is exactly the change a human most
# needs to see, so the pull request is opened either way and says which
# happened.
#
# Draft until validated. The pull request is always created as a draft.
# .github/CODEOWNERS routes every path to the repository owner, so a ready pull
# request requests owner review the instant it exists — before anything has
# been checked. It is promoted to ready only when both of two things hold: the
# environment built from the lock it proposes, and a configured token opened it
# so the repository's own checks actually start. A proposal that has since
# regressed is returned to draft rather than left looking reviewed.
#
# Under the fallback token it stays a draft however well the environment built.
# GitHub suppresses that pull request's checks entirely, and marking it ready
# would request owner review on a pull request carrying none — which is the
# review request AGENTS.md rules out, since CI is not green on the named head;
# it has not run at all. The body says to close and reopen it, and whoever does
# that can mark it ready once they have looked.
#
# The automation branch. It is shared, so it is never rewritten blindly. Before
# replacing it the job fetches its current tip and proceeds only if that tip is
# a commit this workflow wrote — automation author, automation committer, and
# the exact subject below — and then only through a --force-with-lease pinned
# to the revision it inspected, so a push landing in the gap is rejected rather
# than overwritten. Anything else refuses: the job pushes nothing, opens
# nothing, and fails with an error naming the tip it found. The case that
# matters is a maintainer's follow-up commit on an open proposal, which is
# ordinary review behaviour and which AGENTS.md requires be preserved. Refusing
# costs nothing that is not recoverable — the re-lock is reproducible on the
# next run — whereas a silent overwrite destroys work. Resolving the open
# proposal is a human's job, and the error says so.
#
# Token. Pull requests opened with the default GITHUB_TOKEN do not trigger
# further workflow runs; GitHub suppresses them to stop workflows recursing. As
# main's ruleset stands today that does not block a merge — it requires a pull
# request, code-owner review, and resolved threads, but no status checks — so
# the immediate cost is that the proposal arrives carrying no CI signal at all,
# not even the suites that would at least prove the tree still builds under the
# toolchain CI installs for itself. It becomes a hard block the moment the Rust
# and supply-chain checks are made required, which renovate.json5 already names
# as the precondition for its cargo automerge rule. So this workflow prefers a
# personal access token when one is configured, and falls back to GITHUB_TOKEN
# so it still does something useful before that secret exists. Under the
# fallback the pull request opens with no checks until someone closes and
# reopens it to start them; the body says so.
#
# To configure the preferred path, create a repository secret named
# DEVENV_UPDATE_TOKEN holding a fine-grained personal access token scoped to
# this repository alone, with exactly two permissions: Contents (read and
# write), to push the automation branch, and Pull requests (read and write), to
# open and update the pull request. It needs no Workflows permission, because
# the only file it ever commits is devenv.lock.
#
# The token reaches git through a credential helper that reads it from the
# step's environment. It is never an argument (visible in process listings),
# never echoed, and never written to .git/config or a credentials file.
name: devenv lock

on:
  workflow_dispatch:
  schedule:
    # Tuesdays at 07:41 UTC. The minute is deliberately not on the hour:
    # GitHub queues scheduled runs across all repositories, and the top of the
    # hour is its most contended slot.
    - cron: "41 7 * * 2"

permissions: {}

# Serialise the scheduled run against a manual one so two runs cannot race to
# replace the same automation branch. The lease on the push below is the
# backstop for anything this does not cover.
concurrency:
  group: devenv-lock
  cancel-in-progress: false

jobs:
  update:
    name: Update devenv.lock
    runs-on: ubuntu-latest
    timeout-minutes: 60
    permissions:
      # Both are the fallback path's minimum: pushing the automation branch and
      # opening the pull request. When DEVENV_UPDATE_TOKEN is configured that
      # token does the work instead and these grants go unused, but the
      # workflow cannot know which path it is on until it runs.
      contents: write
      pull-requests: write
    env:
      BRANCH: automation/devenv-lock
      # One source of truth for the subject line: the generated commit uses it,
      # the pull request title repeats it, and the branch-safety check below
      # recognises the automation's own commits by it.
      PROPOSAL_SUBJECT: "devenv: refresh the locked development inputs"
      AUTOMATION_NAME: "github-actions[bot]"
      AUTOMATION_EMAIL: "41898282+github-actions[bot]@users.noreply.github.com"
    steps:
      # Always main, never the ref the run was triggered from. A
      # workflow_dispatch started from another branch would otherwise check that
      # branch out, and the commit built below would carry everything on it
      # while the pull request opened against main claimed only devenv.lock had
      # changed — unrelated work proposed under a description that denies it.
      # Manual dispatch here means "run the weekly sweep now", which is the only
      # reading that makes sense for a job whose subject is main's devenv.yaml.
      - name: Check out repository
        uses: actions/checkout@3d3c42e5aac5ba805825da76410c181273ba90b1 # v7.0.1
        with:
          ref: main
          persist-credentials: false

      # Installs Nix 2.35.1 and adds the runner user to `trusted-users`, which
      # devenv needs in order to evaluate a shell.
      - name: Install Nix
        uses: cachix/install-nix-action@630ae543ea3a38a9a4166f03376c02c50f408342 # v31.11.0

      # From nixpkgs rather than the devenv flake, so the binary substitutes
      # from cache.nixos.org and no additional binary cache — and so no third
      # party beyond the Nix installer above — enters this job. The version is
      # printed because it is part of the evidence: devenv.yaml sets
      # `require_version`, so which CLI produced a lock is worth recording.
      - name: Install devenv
        run: |
          set -euo pipefail
          nix profile add nixpkgs#devenv
          devenv version

      - name: Update devenv.lock
        run: |
          set -euo pipefail
          cp devenv.lock "${RUNNER_TEMP}/devenv.lock.before"
          # No arguments: bare `devenv update` re-resolves every input declared
          # in devenv.yaml. Naming an input updates only that one, which is not
          # what a sweep wants.
          devenv update
          cp devenv.lock "${RUNNER_TEMP}/devenv.lock.after"

      - name: Check whether the lock moved
        id: changed
        run: |
          set -euo pipefail
          if git diff --quiet -- devenv.lock; then
            echo "moved=false" >> "${GITHUB_OUTPUT}"
            echo "devenv.lock is unchanged; nothing to propose."
          else
            echo "moved=true" >> "${GITHUB_OUTPUT}"
            echo "devenv.lock changed."
          fi

      # The only evidence anything produces about this lock, per the header.
      # Entering the shell builds every package the environment declares and
      # runs its enterShell, which is what a developer's first `devenv shell`
      # after merging would do. It deliberately does not fail the job: the
      # result is reported in the pull request body instead.
      - name: Build the environment from the updated lock
        id: verify
        if: ${{ steps.changed.outputs.moved == 'true' }}
        run: |
          set -uo pipefail
          if devenv shell -- true; then
            echo "built=true" >> "${GITHUB_OUTPUT}"
          else
            echo "built=false" >> "${GITHUB_OUTPUT}"
            echo "::warning::The devenv environment did not build from the updated lock."
          fi

      - name: Describe what moved
        id: describe
        if: ${{ steps.changed.outputs.moved == 'true' }}
        env:
          LOCK_BEFORE: ${{ runner.temp }}/devenv.lock.before
          LOCK_AFTER: ${{ runner.temp }}/devenv.lock.after
          COMMIT_MESSAGE_FILE: ${{ runner.temp }}/commit-message
          BODY_FILE: ${{ runner.temp }}/pull-request-body
          ENVIRONMENT_BUILT: ${{ steps.verify.outputs.built }}
          USES_CONFIGURED_TOKEN: ${{ secrets.DEVENV_UPDATE_TOKEN != '' }}
          RUN_URL: ${{ github.server_url }}/${{ github.repository }}/actions/runs/${{ github.run_id }}
        run: |
          set -euo pipefail
          python3 - <<'PYTHON'
          import json
          import os
          import pathlib

          def nodes(path):
              return json.loads(pathlib.Path(path).read_text())["nodes"]

          before = nodes(os.environ["LOCK_BEFORE"])
          after = nodes(os.environ["LOCK_AFTER"])

          def requested(node):
              """How devenv.yaml names this input, not where it resolved to."""
              original = node.get("original", {})
              if original.get("type") == "github" and original.get("owner"):
                  reference = f"github:{original['owner']}/{original.get('repo', '')}"
                  if original.get("ref"):
                      reference += f"/{original['ref']}"
                  return reference
              return original.get("type", "unknown source")

          # Not every lock source carries a revision — a path input is the
          # ordinary case — and an input can move between a revision-bearing
          # source and a revisionless one, leaving exactly one side None. These
          # two render that without assuming a string is there.
          def shown(rev):
              return f"`{rev}`" if rev else "no revision"

          def short(rev):
              return rev[:12] if rev else "no revision"

          def compare_url(locked, old_rev, new_rev):
              if not old_rev or not new_rev:
                  return None
              if locked.get("type") != "github" or not locked.get("owner"):
                  return None
              owner, repo = locked["owner"], locked.get("repo", "")
              return f"https://github.com/{owner}/{repo}/compare/{old_rev}...{new_rev}"

          moved, summary = [], []
          for name in sorted(set(before) | set(after)):
              old = (before.get(name) or {}).get("locked")
              new = (after.get(name) or {}).get("locked")
              # The graph root names inputs but locks no source of its own.
              if old is None and new is None:
                  continue
              if old is None:
                  moved.append(f"- `{name}` added, locked at {shown(new.get('rev'))}")
                  summary.append(f"{name}: added")
                  continue
              if new is None:
                  moved.append(f"- `{name}` removed, was {shown(old.get('rev'))}")
                  summary.append(f"{name}: removed")
                  continue
              old_rev, new_rev = old.get("rev"), new.get("rev")
              if old_rev == new_rev:
                  continue
              entry = (
                  f"- `{name}` ({requested(after[name])}): "
                  f"{shown(old_rev)} → {shown(new_rev)}"
              )
              url = compare_url(new, old_rev, new_rev)
              if url:
                  entry += f"\n  <{url}>"
              moved.append(entry)
              summary.append(f"{name}: {short(old_rev)} -> {short(new_rev)}")

          if not moved:
              # Reachable when only a narHash or lastModified changed and every
              # rev held. Say that rather than presenting an empty list.
              moved.append(
                  "- No input revision changed; devenv re-resolved the lock's "
                  "recorded metadata only."
              )

          built = os.environ["ENVIRONMENT_BUILT"] == "true"
          evidence = (
              "`devenv shell -- true` built the environment from this lock and "
              "exited cleanly."
              if built
              else "**`devenv shell -- true` did not build the environment from "
              "this lock**, so this stays a draft. Read the run log before "
              "merging."
          )

          paragraphs = [
              "Scheduled re-lock of the development environment. `devenv update` "
              "re-resolved every input declared in `devenv.yaml` and rewrote "
              "`devenv.lock`, recomputing each node's `narHash` alongside its "
              "`rev`. No other file changed.",
              "Inputs that moved:\n\n" + "\n".join(moved),
              "No other workflow enters the devenv environment, so this pull "
              "request's ordinary checks exercise the toolchain CI installs for "
              "itself and say nothing about this lock. The evidence about the "
              "lock is: " + evidence,
              "Meaningfully changed lines, excluding lockfiles: 0.",
              f"Produced by .github/workflows/devenv-lock.yml — {os.environ['RUN_URL']}",
          ]

          if os.environ["USES_CONFIGURED_TOKEN"] != "true":
              paragraphs.insert(
                  3,
                  "This pull request was opened with the default `GITHUB_TOKEN`, "
                  "so GitHub suppressed the workflow runs it would otherwise "
                  "trigger and it shows no checks. It therefore stays a draft "
                  "whatever the check above says. Close and reopen it to start "
                  "those runs and mark it ready once you have looked, or "
                  "configure the `DEVENV_UPDATE_TOKEN` secret described in the "
                  "workflow header.",
              )

          pathlib.Path(os.environ["BODY_FILE"]).write_text("\n\n".join(paragraphs) + "\n")
          pathlib.Path(os.environ["COMMIT_MESSAGE_FILE"]).write_text(
              os.environ["PROPOSAL_SUBJECT"] + "\n\n"
              + "\n".join(summary if summary else ["lock metadata only"])
              + "\n"
          )
          PYTHON

      # One step, so the token never crosses a step boundary as an output.
      - name: Propose the updated lock
        if: ${{ steps.changed.outputs.moved == 'true' }}
        env:
          CONFIGURED_TOKEN: ${{ secrets.DEVENV_UPDATE_TOKEN }}
          DEFAULT_TOKEN: ${{ github.token }}
          GH_REPO: ${{ github.repository }}
          COMMIT_MESSAGE_FILE: ${{ runner.temp }}/commit-message
          BODY_FILE: ${{ runner.temp }}/pull-request-body
          ENVIRONMENT_BUILT: ${{ steps.verify.outputs.built }}
        run: |
          set -euo pipefail

          export SIGNALBOX_LOCK_TOKEN="${CONFIGURED_TOKEN:-${DEFAULT_TOKEN}}"
          if [[ -z "${CONFIGURED_TOKEN}" ]]; then
            echo "::warning::DEVENV_UPDATE_TOKEN is not configured; the pull request will open with no checks and stay a draft."
          fi

          git config --local user.name "${AUTOMATION_NAME}"
          git config --local user.email "${AUTOMATION_EMAIL}"
          # Reads the token from this step's environment when git asks for it.
          git config --local "credential.${GITHUB_SERVER_URL}.helper" \
            '!f() { echo username=x-access-token; echo "password=${SIGNALBOX_LOCK_TOKEN}"; }; f'

          # Inspect the shared branch before deciding anything. An empty
          # listing means it does not exist yet; ls-remote still fails loudly
          # on an authentication or network fault, so silence here is real.
          remote_heads="$(git ls-remote --heads origin "${BRANCH}")"
          remote_tip=""
          if [[ -n "${remote_heads}" ]]; then
            git fetch --no-tags --depth=1 origin \
              "+refs/heads/${BRANCH}:refs/automation/previous-tip"
            remote_tip="$(git rev-parse refs/automation/previous-tip)"
            tip_author="$(git log -1 --format=%ae refs/automation/previous-tip)"
            tip_committer="$(git log -1 --format=%ce refs/automation/previous-tip)"
            tip_subject="$(git log -1 --format=%s refs/automation/previous-tip)"
            # The branch may be replaced only when its tip is this workflow's
            # own previous proposal. Author, committer, and subject must all
            # match: a follow-up commit changes the author, an amend or rebase
            # of the automation's commit changes the committer, and anything
            # else changes the subject.
            if [[ "${tip_author}" != "${AUTOMATION_EMAIL}" ]] \
              || [[ "${tip_committer}" != "${AUTOMATION_EMAIL}" ]] \
              || [[ "${tip_subject}" != "${PROPOSAL_SUBJECT}" ]]; then
              echo "::error::${BRANCH} carries a commit this workflow did not write (${remote_tip}, author ${tip_author}, committer ${tip_committer}, subject '${tip_subject}'). Refusing to rewrite a shared branch. Merge or close the open proposal, or delete the branch, then re-run; the re-lock is reproducible."
              exit 1
            fi
          fi

          git checkout -B "${BRANCH}"
          # Only the lock. Entering the shell above left build state behind,
          # and .gitignore covers it, but naming the path keeps that guarantee
          # here rather than in another file.
          git add -- devenv.lock
          git commit --file "${COMMIT_MESSAGE_FILE}"

          if [[ -n "${remote_tip}" ]]; then
            # Replaces the automation's own previous proposal, and only while
            # the branch is still exactly where the inspection above found it.
            # A push landing in that gap loses the lease and is rejected.
            git push --force-with-lease="refs/heads/${BRANCH}:${remote_tip}" \
              origin "HEAD:refs/heads/${BRANCH}"
          else
            git push origin "HEAD:refs/heads/${BRANCH}"
          fi

          export GH_TOKEN="${SIGNALBOX_LOCK_TOKEN}"
          existing="$(gh pr list --head "${BRANCH}" --state open \
            --json number --jq '.[0].number // empty')"
          if [[ -n "${existing}" ]]; then
            gh pr edit "${existing}" --body-file "${BODY_FILE}"
            number="${existing}"
            echo "Updated pull request #${number}."
          else
            # Always a draft on creation; promoted below only if it earned it.
            url="$(gh pr create --draft \
              --base main \
              --head "${BRANCH}" \
              --title "${PROPOSAL_SUBJECT}" \
              --body-file "${BODY_FILE}")"
            number="${url##*/}"
            echo "Opened draft pull request #${number}."
          fi

          # Ready means both: the environment built from this exact lock, and a
          # configured token opened the pull request so its checks actually run.
          # The header explains why the fallback token forfeits ready however
          # well the environment built.
          ready=false
          if [[ "${ENVIRONMENT_BUILT}" == "true" && -n "${CONFIGURED_TOKEN}" ]]; then
            ready=true
          fi
          is_draft="$(gh pr view "${number}" --json isDraft --jq '.isDraft')"
          if [[ "${ready}" == "true" && "${is_draft}" == "true" ]]; then
            gh pr ready "${number}"
            echo "Marked #${number} ready for review."
          elif [[ "${ready}" != "true" && "${is_draft}" == "false" ]]; then
            gh pr ready "${number}" --undo
            echo "Returned #${number} to draft."
          fi
          if [[ "${ready}" != "true" ]]; then
            echo "#${number} stays a draft (environment built: ${ENVIRONMENT_BUILT:-not run}; configured token: $([[ -n "${CONFIGURED_TOKEN}" ]] && echo yes || echo no))."
          fi
